
Microsoft Visual Studio Solution File, Format Version 12.00
# Visual Studio Version 17
VisualStudioVersion = 17.10.35122.118
MinimumVisualStudioVersion = 10.0.40219.1
Project("{FAE04EC0-301F-11D3-BF4B-00C04F79EFBC}") = "WindowsFormsApp", "WindowsFormsApp\WindowsFormsApp.csproj", "{2577FF22-A7CB-44A0-9535-C7CAAD0F7639}"
EndProject
Global
	GlobalSection(SolutionConfigurationPlatforms) = preSolution
		Debug|Any CPU = Debug|Any CPU
		Release|Any CPU = Release|Any CPU
	EndGlobalSection
	GlobalSection(ProjectConfigurationPlatforms) = postSolution
		{2577FF22-A7CB-44A0-9535-C7CAAD0F7639}.Debug|Any CPU.ActiveCfg = Debug|Any CPU
		{2577FF22-A7CB-44A0-9535-C7CAAD0F7639}.Debug|Any CPU.Build.0 = Debug|Any CPU
		{2577FF22-A7CB-44A0-9535-C7CAAD0F7639}.Release|Any CPU.ActiveCfg = Release|Any CPU
		{2577FF22-A7CB-44A0-9535-C7CAAD0F7639}.Release|Any CPU.Build.0 = Release|Any CPU
	EndGlobalSection
	GlobalSection(SolutionProperties) = preSolution
		HideSolutionNode = FALSE
	EndGlobalSection
	GlobalSection(ExtensibilityGlobals) = postSolution
		SolutionGuid = {03C59861-5189-44F5-A8D4-62C8210F6FED}
	EndGlobalSection
EndGlobal
